SITE
  remote: http://community.opscode.com/api/v1
  specs:
    apt (1.9.2)
    build-essential (1.4.0)
    chef_handler (1.1.4)
    java (1.11.4)
      windows (>= 0.0.0)
    nginx (1.6.0)
      apt (>= 0.0.0)
      build-essential (>= 0.0.0)
      ohai (>= 1.1.4)
      runit (>= 0.0.0)
      yum (>= 0.0.0)
    ohai (1.1.8)
    runit (1.1.4)
      build-essential (>= 0.0.0)
      yum (>= 0.0.0)
    windows (1.8.10)
      chef_handler (>= 0.0.0)
    yum (2.2.2)

DEPENDENCIES
  java (>= 0)
  nginx (>= 0)

