SITE
  remote: http://community.opscode.com/api/v1
  specs:
    apt (1.9.2)
    build-essential (1.4.0)
    chef_handler (1.1.4)
    java (1.11.4)
      windows (>= 0.0.0)
    nginx (1.6.0)
      apt (>= 0.0.0)
      build-essential (>= 0.0.0)
      ohai (>= 1.1.4)
      runit (>= 0.0.0)
      yum (>= 0.0.0)
    ohai (1.1.8)
    runit (1.1.4)
      build-essential (>= 0.0.0)
      yum (>= 0.0.0)
    windows (1.8.10)
      chef_handler (>= 0.0.0)
    yum (2.2.2)

GIT
  remote: https://github.com/rtircher/chef-leiningen
  ref: master
  sha: 691b8711884c3a623fb39e9f69fa14b9efa12542
  specs:
    leiningen (0.1.0)
      java (>= 0)

DEPENDENCIES
  java (>= 0)
  leiningen (>= 0)
  nginx (>= 0)

